
Microsoft Visual Studio Solution File, Format Version 12.00
# Visual Studio Version 17
VisualStudioVersion = 17.5.001.0
MinimumVisualStudioVersion = 10.0.40219.1
Project("{9A19103F-16F7-4668-BE54-9A1E7A4F7556}") = "Blog", "Blog.csproj", "{2D43AA05-D82E-435B-B13A-2980DC221D3C}"
EndProject
Global
	GlobalSection(SolutionConfigurationPlatforms) = preSolution
		Debug|Any CPU = Debug|Any CPU
		Release|Any CPU = Release|Any CPU
	EndGlobalSection
	GlobalSection(ProjectConfigurationPlatforms) = postSolution
		{2D43AA05-D82E-435B-B13A-2980DC221D3C}.Debug|Any CPU.ActiveCfg = Debug|Any CPU
		{2D43AA05-D82E-435B-B13A-2980DC221D3C}.Debug|Any CPU.Build.0 = Debug|Any CPU
		{2D43AA05-D82E-435B-B13A-2980DC221D3C}.Release|Any CPU.ActiveCfg = Release|Any CPU
		{2D43AA05-D82E-435B-B13A-2980DC221D3C}.Release|Any CPU.Build.0 = Release|Any CPU
	EndGlobalSection
	GlobalSection(SolutionProperties) = preSolution
		HideSolutionNode = FALSE
	EndGlobalSection
	GlobalSection(ExtensibilityGlobals) = postSolution
		SolutionGuid = {8B2CC638-BA68-460F-B63C-7B7A831A41B2}
	EndGlobalSection
EndGlobal
